
Microsoft Visual Studio Solution File, Format Version 12.00
# Visual Studio 15
VisualStudioVersion = 15.0.28307.168
MinimumVisualStudioVersion = 10.0.40219.1
Project("{FAE04EC0-301F-11D3-BF4B-00C04F79EFBC}") = "Assignment_3", "Assignment_3\Assignment_3.csproj", "{8A782EDE-3A5B-4425-9124-674D85C73228}"
EndProject
Global
	GlobalSection(SolutionConfigurationPlatforms) = preSolution
		Debug|Any CPU = Debug|Any CPU
		Release|Any CPU = Release|Any CPU
	EndGlobalSection
	GlobalSection(ProjectConfigurationPlatforms) = postSolution
		{8A782EDE-3A5B-4425-9124-674D85C73228}.Debug|Any CPU.ActiveCfg = Debug|Any CPU
		{8A782EDE-3A5B-4425-9124-674D85C73228}.Debug|Any CPU.Build.0 = Debug|Any CPU
		{8A782EDE-3A5B-4425-9124-674D85C73228}.Release|Any CPU.ActiveCfg = Release|Any CPU
		{8A782EDE-3A5B-4425-9124-674D85C73228}.Release|Any CPU.Build.0 = Release|Any CPU
	EndGlobalSection
	GlobalSection(SolutionProperties) = preSolution
		HideSolutionNode = FALSE
	EndGlobalSection
	GlobalSection(ExtensibilityGlobals) = postSolution
		SolutionGuid = {CFEADB66-9EC2-4EB4-AFD3-EC3E420CC384}
	EndGlobalSection
EndGlobal
